
Microsoft Visual Studio Solution File, Format Version 12.00
# Visual Studio Version 16
VisualStudioVersion = 16.0.30907.101
MinimumVisualStudioVersion = 10.0.40219.1
Project("{FAE04EC0-301F-11D3-BF4B-00C04F79EFBC}") = "ProgramaA_Lectura", "ProgramaA_Lectura.csproj", "{8868A86D-19C2-473C-9501-288D47829D5B}"
EndProject
Global
	GlobalSection(SolutionConfigurationPlatforms) = preSolution
		Debug|Any CPU = Debug|Any CPU
		Release|Any CPU = Release|Any CPU
	EndGlobalSection
	GlobalSection(ProjectConfigurationPlatforms) = postSolution
		{8868A86D-19C2-473C-9501-288D47829D5B}.Debug|Any CPU.ActiveCfg = Debug|Any CPU
		{8868A86D-19C2-473C-9501-288D47829D5B}.Debug|Any CPU.Build.0 = Debug|Any CPU
		{8868A86D-19C2-473C-9501-288D47829D5B}.Release|Any CPU.ActiveCfg = Release|Any CPU
		{8868A86D-19C2-473C-9501-288D47829D5B}.Release|Any CPU.Build.0 = Release|Any CPU
	EndGlobalSection
	GlobalSection(SolutionProperties) = preSolution
		HideSolutionNode = FALSE
	EndGlobalSection
	GlobalSection(ExtensibilityGlobals) = postSolution
		SolutionGuid = {C4589238-1424-4A50-BB8D-AF3B22E182AA}
	EndGlobalSection
EndGlobal
